
Microsoft Visual Studio Solution File, Format Version 12.00
# Visual Studio Version 17
VisualStudioVersion = 17.11.35208.52
MinimumVisualStudioVersion = 10.0.40219.1
Project("{FAE04EC0-301F-11D3-BF4B-00C04F79EFBC}") = "SolanaGarcia.Prototipos.Ejercicio4", "SolanaGarcia.Prototipos.Ejercicio4\SolanaGarcia.Prototipos.Ejercicio4.csproj", "{80CEC01D-4F5F-4B5D-B92C-EAFD942D16E8}"
EndProject
Global
	GlobalSection(SolutionConfigurationPlatforms) = preSolution
		Debug|Any CPU = Debug|Any CPU
		Release|Any CPU = Release|Any CPU
	EndGlobalSection
	GlobalSection(ProjectConfigurationPlatforms) = postSolution
		{80CEC01D-4F5F-4B5D-B92C-EAFD942D16E8}.Debug|Any CPU.ActiveCfg = Debug|Any CPU
		{80CEC01D-4F5F-4B5D-B92C-EAFD942D16E8}.Debug|Any CPU.Build.0 = Debug|Any CPU
		{80CEC01D-4F5F-4B5D-B92C-EAFD942D16E8}.Release|Any CPU.ActiveCfg = Release|Any CPU
		{80CEC01D-4F5F-4B5D-B92C-EAFD942D16E8}.Release|Any CPU.Build.0 = Release|Any CPU
	EndGlobalSection
	GlobalSection(SolutionProperties) = preSolution
		HideSolutionNode = FALSE
	EndGlobalSection
	GlobalSection(ExtensibilityGlobals) = postSolution
		SolutionGuid = {310E6BC3-3F5C-4564-9CFA-974EF527163E}
	EndGlobalSection
EndGlobal
